{
  "name": "MentorLink",
  "lockfileVersion": 3,
  "requires": true,
  "packages": {
    "": {
      "devDependencies": {
        "agentation": "^2.3.2"
      }
    },
    "node_modules/agentation": {
      "version": "2.3.2",
      "resolved": "https://registry.npmjs.org/agentation/-/agentation-2.3.2.tgz",
      "integrity": "sha512-TMCD7/n1GFZIuThrVWAmNWJuq2s/o7Iabx6M9fKf/Foi2EvH+ZZ8E2AWLSoLgIcAabN653WvCPfx+XqGmcbdmg==",
      "dev": true,
      "license": "PolyForm-Shield-1.0.0",
      "peerDependencies": {
        "react": ">=18.0.0",
        "react-dom": ">=18.0.0"
      },
      "peerDependenciesMeta": {
        "react": {
          "optional": true
        },
        "react-dom": {
          "optional": true
        }
      }
    }
  }
}
